
Microsoft Visual Studio Solution File, Format Version 12.00
# Visual Studio Version 16
VisualStudioVersion = 16.0.32002.261
MinimumVisualStudioVersion = 10.0.40219.1
Project("{FAE04EC0-301F-11D3-BF4B-00C04F79EFBC}") = "KuzeyYeliForm", "KuzeyYeliForm\KuzeyYeliForm.csproj", "{C93823BD-81FA-4352-AC6F-653CBE416C5B}"
EndProject
Project("{FAE04EC0-301F-11D3-BF4B-00C04F79EFBC}") = "KuzeyYeliEntity", "KuzeyYeliEntity\KuzeyYeliEntity.csproj", "{025516CF-EA52-4BDD-A7AC-83F6C25871F4}"
EndProject
Project("{FAE04EC0-301F-11D3-BF4B-00C04F79EFBC}") = "KuzeyYeliORM", "KuzeyYeliORM\KuzeyYeliORM.csproj", "{196CC837-2EDF-4B33-BB6C-920D93937F29}"
EndProject
Global
	GlobalSection(SolutionConfigurationPlatforms) = preSolution
		Debug|Any CPU = Debug|Any CPU
		Release|Any CPU = Release|Any CPU
	EndGlobalSection
	GlobalSection(ProjectConfigurationPlatforms) = postSolution
		{C93823BD-81FA-4352-AC6F-653CBE416C5B}.Debug|Any CPU.ActiveCfg = Debug|Any CPU
		{C93823BD-81FA-4352-AC6F-653CBE416C5B}.Debug|Any CPU.Build.0 = Debug|Any CPU
		{C93823BD-81FA-4352-AC6F-653CBE416C5B}.Release|Any CPU.ActiveCfg = Release|Any CPU
		{C93823BD-81FA-4352-AC6F-653CBE416C5B}.Release|Any CPU.Build.0 = Release|Any CPU
		{025516CF-EA52-4BDD-A7AC-83F6C25871F4}.Debug|Any CPU.ActiveCfg = Debug|Any CPU
		{025516CF-EA52-4BDD-A7AC-83F6C25871F4}.Debug|Any CPU.Build.0 = Debug|Any CPU
		{025516CF-EA52-4BDD-A7AC-83F6C25871F4}.Release|Any CPU.ActiveCfg = Release|Any CPU
		{025516CF-EA52-4BDD-A7AC-83F6C25871F4}.Release|Any CPU.Build.0 = Release|Any CPU
		{196CC837-2EDF-4B33-BB6C-920D93937F29}.Debug|Any CPU.ActiveCfg = Debug|Any CPU
		{196CC837-2EDF-4B33-BB6C-920D93937F29}.Debug|Any CPU.Build.0 = Debug|Any CPU
		{196CC837-2EDF-4B33-BB6C-920D93937F29}.Release|Any CPU.ActiveCfg = Release|Any CPU
		{196CC837-2EDF-4B33-BB6C-920D93937F29}.Release|Any CPU.Build.0 = Release|Any CPU
	EndGlobalSection
	GlobalSection(SolutionProperties) = preSolution
		HideSolutionNode = FALSE
	EndGlobalSection
	GlobalSection(ExtensibilityGlobals) = postSolution
		SolutionGuid = {862D81DF-E171-4F6E-BBFF-66FAD6E12E0C}
	EndGlobalSection
EndGlobal
